
Microsoft Visual Studio Solution File, Format Version 12.00
# Visual Studio 15
VisualStudioVersion = 15.0.28010.2050
MinimumVisualStudioVersion = 10.0.40219.1
Project("{9A19103F-16F7-4668-BE54-9A1E7A4F7556}") = "DbTextEditor.ViewModel", "DbTextEditor.ViewModel\DbTextEditor.ViewModel.csproj", "{982F866E-F775-495D-9B08-9795FBBD06EA}"
EndProject
Project("{9A19103F-16F7-4668-BE54-9A1E7A4F7556}") = "DbTextEditor.Model", "DbTextEditor.Model\DbTextEditor.Model.csproj", "{A78B4FA5-72E3-435C-A36B-3DF7B7593BDA}"
EndProject
Project("{FAE04EC0-301F-11D3-BF4B-00C04F79EFBC}") = "DbTextEditor", "DbTextEditor\DbTextEditor.csproj", "{E3A08451-789D-4953-A1FD-1F04EDF429F5}"
EndProject
Project("{9A19103F-16F7-4668-BE54-9A1E7A4F7556}") = "DbTextEditor.View", "DbTextEditor.View\DbTextEditor.View.csproj", "{111EBE03-4ACC-4BB9-99B6-218EE8074FE4}"
EndProject
Project("{FAE04EC0-301F-11D3-BF4B-00C04F79EFBC}") = "DbTextEditor.Shared", "DbTextEditor.Shared\DbTextEditor.Shared.csproj", "{9F4DED42-A5BF-4295-957C-83E255C1AD1B}"
EndProject
Project("{FAE04EC0-301F-11D3-BF4B-00C04F79EFBC}") = "DbTextEditor.Model.Tests", "DbTextEditor.Model.Tests\DbTextEditor.Model.Tests.csproj", "{5050DEF1-6C26-4B32-B617-1E5443DA579B}"
EndProject
Global
	GlobalSection(SolutionConfigurationPlatforms) = preSolution
		Debug|Any CPU = Debug|Any CPU
		Release|Any CPU = Release|Any CPU
	EndGlobalSection
	GlobalSection(ProjectConfigurationPlatforms) = postSolution
		{982F866E-F775-495D-9B08-9795FBBD06EA}.Debug|Any CPU.ActiveCfg = Debug|Any CPU
		{982F866E-F775-495D-9B08-9795FBBD06EA}.Debug|Any CPU.Build.0 = Debug|Any CPU
		{982F866E-F775-495D-9B08-9795FBBD06EA}.Release|Any CPU.ActiveCfg = Release|Any CPU
		{982F866E-F775-495D-9B08-9795FBBD06EA}.Release|Any CPU.Build.0 = Release|Any CPU
		{A78B4FA5-72E3-435C-A36B-3DF7B7593BDA}.Debug|Any CPU.ActiveCfg = Debug|Any CPU
		{A78B4FA5-72E3-435C-A36B-3DF7B7593BDA}.Debug|Any CPU.Build.0 = Debug|Any CPU
		{A78B4FA5-72E3-435C-A36B-3DF7B7593BDA}.Release|Any CPU.ActiveCfg = Release|Any CPU
		{A78B4FA5-72E3-435C-A36B-3DF7B7593BDA}.Release|Any CPU.Build.0 = Release|Any CPU
		{E3A08451-789D-4953-A1FD-1F04EDF429F5}.Debug|Any CPU.ActiveCfg = Debug|Any CPU
		{E3A08451-789D-4953-A1FD-1F04EDF429F5}.Debug|Any CPU.Build.0 = Debug|Any CPU
		{E3A08451-789D-4953-A1FD-1F04EDF429F5}.Release|Any CPU.ActiveCfg = Release|Any CPU
		{E3A08451-789D-4953-A1FD-1F04EDF429F5}.Release|Any CPU.Build.0 = Release|Any CPU
		{111EBE03-4ACC-4BB9-99B6-218EE8074FE4}.Debug|Any CPU.ActiveCfg = Debug|Any CPU
		{111EBE03-4ACC-4BB9-99B6-218EE8074FE4}.Debug|Any CPU.Build.0 = Debug|Any CPU
		{111EBE03-4ACC-4BB9-99B6-218EE8074FE4}.Release|Any CPU.ActiveCfg = Release|Any CPU
		{111EBE03-4ACC-4BB9-99B6-218EE8074FE4}.Release|Any CPU.Build.0 = Release|Any CPU
		{9F4DED42-A5BF-4295-957C-83E255C1AD1B}.Debug|Any CPU.ActiveCfg = Debug|Any CPU
		{9F4DED42-A5BF-4295-957C-83E255C1AD1B}.Debug|Any CPU.Build.0 = Debug|Any CPU
		{9F4DED42-A5BF-4295-957C-83E255C1AD1B}.Release|Any CPU.ActiveCfg = Release|Any CPU
		{9F4DED42-A5BF-4295-957C-83E255C1AD1B}.Release|Any CPU.Build.0 = Release|Any CPU
		{5050DEF1-6C26-4B32-B617-1E5443DA579B}.Debug|Any CPU.ActiveCfg = Debug|Any CPU
		{5050DEF1-6C26-4B32-B617-1E5443DA579B}.Debug|Any CPU.Build.0 = Debug|Any CPU
		{5050DEF1-6C26-4B32-B617-1E5443DA579B}.Release|Any CPU.ActiveCfg = Release|Any CPU
		{5050DEF1-6C26-4B32-B617-1E5443DA579B}.Release|Any CPU.Build.0 = Release|Any CPU
	EndGlobalSection
	GlobalSection(SolutionProperties) = preSolution
		HideSolutionNode = FALSE
	EndGlobalSection
	GlobalSection(ExtensibilityGlobals) = postSolution
		SolutionGuid = {BB313F1B-7F2F-46A7-B547-FF8300CC1BEF}
	EndGlobalSection
EndGlobal
